
Microsoft Visual Studio Solution File, Format Version 12.00
# Visual Studio 15
VisualStudioVersion = 15.0.26124.0
MinimumVisualStudioVersion = 15.0.26124.0
Project("{FAE04EC0-301F-11D3-BF4B-00C04F79EFBC}") = "API", "API\API.csproj", "{9E702841-A08B-4DE4-84BE-659F4B3264B4}"
EndProject
Project("{FAE04EC0-301F-11D3-BF4B-00C04F79EFBC}") = "Application", "Application\Application.csproj", "{434CC401-D9E9-4537-8CAB-AC5B6C36CE5F}"
EndProject
Project("{FAE04EC0-301F-11D3-BF4B-00C04F79EFBC}") = "Persistence", "Persistence\Persistence.csproj", "{1A0AF41B-3299-45B9-9204-BF10DE1FE48F}"
EndProject
Project("{FAE04EC0-301F-11D3-BF4B-00C04F79EFBC}") = "Domain", "Domain\Domain.csproj", "{912E9FCC-6814-49A4-B3E5-7204DE3E1FD4}"
EndProject
Global
	GlobalSection(SolutionConfigurationPlatforms) = preSolution
		Debug|Any CPU = Debug|Any CPU
		Debug|x64 = Debug|x64
		Debug|x86 = Debug|x86
		Release|Any CPU = Release|Any CPU
		Release|x64 = Release|x64
		Release|x86 = Release|x86
	EndGlobalSection
	GlobalSection(SolutionProperties) = preSolution
		HideSolutionNode = FALSE
	EndGlobalSection
	GlobalSection(ProjectConfigurationPlatforms) = postSolution
		{9E702841-A08B-4DE4-84BE-659F4B3264B4}.Debug|Any CPU.ActiveCfg = Debug|Any CPU
		{9E702841-A08B-4DE4-84BE-659F4B3264B4}.Debug|Any CPU.Build.0 = Debug|Any CPU
		{9E702841-A08B-4DE4-84BE-659F4B3264B4}.Debug|x64.ActiveCfg = Debug|Any CPU
		{9E702841-A08B-4DE4-84BE-659F4B3264B4}.Debug|x64.Build.0 = Debug|Any CPU
		{9E702841-A08B-4DE4-84BE-659F4B3264B4}.Debug|x86.ActiveCfg = Debug|Any CPU
		{9E702841-A08B-4DE4-84BE-659F4B3264B4}.Debug|x86.Build.0 = Debug|Any CPU
		{9E702841-A08B-4DE4-84BE-659F4B3264B4}.Release|Any CPU.ActiveCfg = Release|Any CPU
		{9E702841-A08B-4DE4-84BE-659F4B3264B4}.Release|Any CPU.Build.0 = Release|Any CPU
		{9E702841-A08B-4DE4-84BE-659F4B3264B4}.Release|x64.ActiveCfg = Release|Any CPU
		{9E702841-A08B-4DE4-84BE-659F4B3264B4}.Release|x64.Build.0 = Release|Any CPU
		{9E702841-A08B-4DE4-84BE-659F4B3264B4}.Release|x86.ActiveCfg = Release|Any CPU
		{9E702841-A08B-4DE4-84BE-659F4B3264B4}.Release|x86.Build.0 = Release|Any CPU
		{434CC401-D9E9-4537-8CAB-AC5B6C36CE5F}.Debug|Any CPU.ActiveCfg = Debug|Any CPU
		{434CC401-D9E9-4537-8CAB-AC5B6C36CE5F}.Debug|Any CPU.Build.0 = Debug|Any CPU
		{434CC401-D9E9-4537-8CAB-AC5B6C36CE5F}.Debug|x64.ActiveCfg = Debug|Any CPU
		{434CC401-D9E9-4537-8CAB-AC5B6C36CE5F}.Debug|x64.Build.0 = Debug|Any CPU
		{434CC401-D9E9-4537-8CAB-AC5B6C36CE5F}.Debug|x86.ActiveCfg = Debug|Any CPU
		{434CC401-D9E9-4537-8CAB-AC5B6C36CE5F}.Debug|x86.Build.0 = Debug|Any CPU
		{434CC401-D9E9-4537-8CAB-AC5B6C36CE5F}.Release|Any CPU.ActiveCfg = Release|Any CPU
		{434CC401-D9E9-4537-8CAB-AC5B6C36CE5F}.Release|Any CPU.Build.0 = Release|Any CPU
		{434CC401-D9E9-4537-8CAB-AC5B6C36CE5F}.Release|x64.ActiveCfg = Release|Any CPU
		{434CC401-D9E9-4537-8CAB-AC5B6C36CE5F}.Release|x64.Build.0 = Release|Any CPU
		{434CC401-D9E9-4537-8CAB-AC5B6C36CE5F}.Release|x86.ActiveCfg = Release|Any CPU
		{434CC401-D9E9-4537-8CAB-AC5B6C36CE5F}.Release|x86.Build.0 = Release|Any CPU
		{1A0AF41B-3299-45B9-9204-BF10DE1FE48F}.Debug|Any CPU.ActiveCfg = Debug|Any CPU
		{1A0AF41B-3299-45B9-9204-BF10DE1FE48F}.Debug|Any CPU.Build.0 = Debug|Any CPU
		{1A0AF41B-3299-45B9-9204-BF10DE1FE48F}.Debug|x64.ActiveCfg = Debug|Any CPU
		{1A0AF41B-3299-45B9-9204-BF10DE1FE48F}.Debug|x64.Build.0 = Debug|Any CPU
		{1A0AF41B-3299-45B9-9204-BF10DE1FE48F}.Debug|x86.ActiveCfg = Debug|Any CPU
		{1A0AF41B-3299-45B9-9204-BF10DE1FE48F}.Debug|x86.Build.0 = Debug|Any CPU
		{1A0AF41B-3299-45B9-9204-BF10DE1FE48F}.Release|Any CPU.ActiveCfg = Release|Any CPU
		{1A0AF41B-3299-45B9-9204-BF10DE1FE48F}.Release|Any CPU.Build.0 = Release|Any CPU
		{1A0AF41B-3299-45B9-9204-BF10DE1FE48F}.Release|x64.ActiveCfg = Release|Any CPU
		{1A0AF41B-3299-45B9-9204-BF10DE1FE48F}.Release|x64.Build.0 = Release|Any CPU
		{1A0AF41B-3299-45B9-9204-BF10DE1FE48F}.Release|x86.ActiveCfg = Release|Any CPU
		{1A0AF41B-3299-45B9-9204-BF10DE1FE48F}.Release|x86.Build.0 = Release|Any CPU
		{912E9FCC-6814-49A4-B3E5-7204DE3E1FD4}.Debug|Any CPU.ActiveCfg = Debug|Any CPU
		{912E9FCC-6814-49A4-B3E5-7204DE3E1FD4}.Debug|Any CPU.Build.0 = Debug|Any CPU
		{912E9FCC-6814-49A4-B3E5-7204DE3E1FD4}.Debug|x64.ActiveCfg = Debug|Any CPU
		{912E9FCC-6814-49A4-B3E5-7204DE3E1FD4}.Debug|x64.Build.0 = Debug|Any CPU
		{912E9FCC-6814-49A4-B3E5-7204DE3E1FD4}.Debug|x86.ActiveCfg = Debug|Any CPU
		{912E9FCC-6814-49A4-B3E5-7204DE3E1FD4}.Debug|x86.Build.0 = Debug|Any CPU
		{912E9FCC-6814-49A4-B3E5-7204DE3E1FD4}.Release|Any CPU.ActiveCfg = Release|Any CPU
		{912E9FCC-6814-49A4-B3E5-7204DE3E1FD4}.Release|Any CPU.Build.0 = Release|Any CPU
		{912E9FCC-6814-49A4-B3E5-7204DE3E1FD4}.Release|x64.ActiveCfg = Release|Any CPU
		{912E9FCC-6814-49A4-B3E5-7204DE3E1FD4}.Release|x64.Build.0 = Release|Any CPU
		{912E9FCC-6814-49A4-B3E5-7204DE3E1FD4}.Release|x86.ActiveCfg = Release|Any CPU
		{912E9FCC-6814-49A4-B3E5-7204DE3E1FD4}.Release|x86.Build.0 = Release|Any CPU
	EndGlobalSection
EndGlobal
